
Microsoft Visual Studio Solution File, Format Version 12.00
# Visual Studio 15
VisualStudioVersion = 15.0.28307.421
MinimumVisualStudioVersion = 10.0.40219.1
Project("{FAE04EC0-301F-11D3-BF4B-00C04F79EFBC}") = "EdgeCSharpReceive", "EdgeCSharpReceive\EdgeCSharpReceive.csproj", "{F371A9BF-3BF1-4ECF-8CD2-3C7421B79E71}"
EndProject
Global
	GlobalSection(SolutionConfigurationPlatforms) = preSolution
		Debug|Any CPU = Debug|Any CPU
		Debug|x64 = Debug|x64
		Release|Any CPU = Release|Any CPU
		Release|x64 = Release|x64
	EndGlobalSection
	GlobalSection(ProjectConfigurationPlatforms) = postSolution
		{F371A9BF-3BF1-4ECF-8CD2-3C7421B79E71}.Debug|Any CPU.ActiveCfg = Debug|Any CPU
		{F371A9BF-3BF1-4ECF-8CD2-3C7421B79E71}.Debug|Any CPU.Build.0 = Debug|Any CPU
		{F371A9BF-3BF1-4ECF-8CD2-3C7421B79E71}.Debug|x64.ActiveCfg = Debug|x64
		{F371A9BF-3BF1-4ECF-8CD2-3C7421B79E71}.Debug|x64.Build.0 = Debug|x64
		{F371A9BF-3BF1-4ECF-8CD2-3C7421B79E71}.Release|Any CPU.ActiveCfg = Release|Any CPU
		{F371A9BF-3BF1-4ECF-8CD2-3C7421B79E71}.Release|Any CPU.Build.0 = Release|Any CPU
		{F371A9BF-3BF1-4ECF-8CD2-3C7421B79E71}.Release|x64.ActiveCfg = Release|x64
		{F371A9BF-3BF1-4ECF-8CD2-3C7421B79E71}.Release|x64.Build.0 = Release|x64
	EndGlobalSection
	GlobalSection(SolutionProperties) = preSolution
		HideSolutionNode = FALSE
	EndGlobalSection
	GlobalSection(ExtensibilityGlobals) = postSolution
		SolutionGuid = {D0CE02B0-DFE1-4195-AE20-5E2D8EBD5986}
	EndGlobalSection
EndGlobal
